// !$*UTF8*$!
{
	archiveVersion = 1;
	classes = {
	};
	objectVersion = 46;
	objects = {

/* Begin PBXBuildFile section */
		54B86FA61B25C53900010BE6 /* AppDelegate.swift in Sources */ = {isa = PBXBuildFile; fileRef = 54B86FA51B25C53900010BE6 /* AppDelegate.swift */; };
		54B86FA81B25C53900010BE6 /* ViewController.swift in Sources */ = {isa = PBXBuildFile; fileRef = 54B86FA71B25C53900010BE6 /* ViewController.swift */; };
		54B86FAB1B25C53900010BE6 /* Main.storyboard in Resources */ = {isa = PBXBuildFile; fileRef = 54B86FA91B25C53900010BE6 /* Main.storyboard */; };
		54B86FAD1B25C53900010BE6 /* Images.xcassets in Resources */ = {isa = PBXBuildFile; fileRef = 54B86FAC1B25C53900010BE6 /* Images.xcassets */; };
		54B86FB01B25C53900010BE6 /* LaunchScreen.xib in Resources */ = {isa = PBXBuildFile; fileRef = 54B86FAE1B25C53900010BE6 /* LaunchScreen.xib */; };
		54B86FBC1B25C53900010BE6 /* AdOnAppsTests.swift in Sources */ = {isa = PBXBuildFile; fileRef = 54B86FBB1B25C53900010BE6 /* AdOnAppsTests.swift */; };
		54B86FD11B25D02C00010BE6 /* Refresher.framework in Frameworks */ = {isa = PBXBuildFile; fileRef = 54B86FCE1B25CFA000010BE6 /* Refresher.framework */; };
/* End PBXBuildFile section */

/* Begin PBXContainerItemProxy section */
		54B86FB61B25C53900010BE6 /* PBXContainerItemProxy */ = {
			isa = PBXContainerItemProxy;
			containerPortal = 54B86F981B25C53900010BE6 /* Project object */;
			proxyType = 1;
			remoteGlobalIDString = 54B86F9F1B25C53900010BE6;
			remoteInfo = AdOnApps;
		};
		54B86FCB1B25CFA000010BE6 /* PBXContainerItemProxy */ = {
			isa = PBXContainerItemProxy;
			containerPortal = 54B86FC51B25CFA000010BE6 /* PullToRefresh.xcodeproj */;
			proxyType = 2;
			remoteGlobalIDString = C7D1CF8F199BB3C8009FD485;
			remoteInfo = PullToRefreshDemo;
		};
		54B86FCD1B25CFA000010BE6 /* PBXContainerItemProxy */ = {
			isa = PBXContainerItemProxy;
			containerPortal = 54B86FC51B25CFA000010BE6 /* PullToRefresh.xcodeproj */;
			proxyType = 2;
			remoteGlobalIDString = C7AC6CCC19A7FE6D007107DF;
			remoteInfo = Refresher;
		};
		54B86FCF1B25CFA000010BE6 /* PBXContainerItemProxy */ = {
			isa = PBXContainerItemProxy;
			containerPortal = 54B86FC51B25CFA000010BE6 /* PullToRefresh.xcodeproj */;
			proxyType = 2;
			remoteGlobalIDString = C7AC6CD619A7FE6D007107DF;
			remoteInfo = RefresherTests;
		};
/* End PBXContainerItemProxy section */

/* Begin PBXFileReference section */
		54B86FA01B25C53900010BE6 /* AdOnApps.app */ = {isa = PBXFileReference; explicitFileType = wrapper.application; includeInIndex = 0; path = AdOnApps.app; sourceTree = BUILT_PRODUCTS_DIR; };
		54B86FA41B25C53900010BE6 /* Info.plist */ = {isa = PBXFileReference; lastKnownFileType = text.plist.xml; path = Info.plist; sourceTree = "<group>"; };
		54B86FA51B25C53900010BE6 /* AppDelegate.swift */ = {isa = PBXFileReference; lastKnownFileType = sourcecode.swift; path = AppDelegate.swift; sourceTree = "<group>"; };
		54B86FA71B25C53900010BE6 /* ViewController.swift */ = {isa = PBXFileReference; lastKnownFileType = sourcecode.swift; path = ViewController.swift; sourceTree = "<group>"; };
		54B86FAA1B25C53900010BE6 /* Base */ = {isa = PBXFileReference; lastKnownFileType = file.storyboard; name = Base; path = Base.lproj/Main.storyboard; sourceTree = "<group>"; };
		54B86FAC1B25C53900010BE6 /* Images.xcassets */ = {isa = PBXFileReference; lastKnownFileType = folder.assetcatalog; path = Images.xcassets; sourceTree = "<group>"; };
		54B86FAF1B25C53900010BE6 /* Base */ = {isa = PBXFileReference; lastKnownFileType = file.xib; name = Base; path = Base.lproj/LaunchScreen.xib; sourceTree = "<group>"; };
		54B86FB51B25C53900010BE6 /* AdOnAppsTests.xctest */ = {isa = PBXFileReference; explicitFileType = wrapper.cfbundle; includeInIndex = 0; path = AdOnAppsTests.xctest; sourceTree = BUILT_PRODUCTS_DIR; };
		54B86FBA1B25C53900010BE6 /* Info.plist */ = {isa = PBXFileReference; lastKnownFileType = text.plist.xml; path = Info.plist; sourceTree = "<group>"; };
		54B86FBB1B25C53900010BE6 /* AdOnAppsTests.swift */ = {isa = PBXFileReference; lastKnownFileType = sourcecode.swift; path = AdOnAppsTests.swift; sourceTree = "<group>"; };
		54B86FC51B25CFA000010BE6 /* PullToRefresh.xcodeproj */ = {isa = PBXFileReference; lastKnownFileType = "wrapper.pb-project"; name = PullToRefresh.xcodeproj; path = ../../Downloads/refresher/PullToRefresh.xcodeproj; sourceTree = "<group>"; };
/* End PBXFileReference section */

/* Begin PBXFrameworksBuildPhase section */
		54B86F9D1B25C53900010BE6 /* Frameworks */ = {
			isa = PBXFrameworksBuildPhase;
			buildActionMask = 2147483647;
			files = (
				54B86FD11B25D02C00010BE6 /* Refresher.framework in Frameworks */,
			);
			runOnlyForDeploymentPostprocessing = 0;
		};
		54B86FB21B25C53900010BE6 /* Frameworks */ = {
			isa = PBXFrameworksBuildPhase;
			buildActionMask = 2147483647;
			files = (
			);
			runOnlyForDeploymentPostprocessing = 0;
		};
/* End PBXFrameworksBuildPhase section */

/* Begin PBXGroup section */
		54B86F971B25C53900010BE6 = {
			isa = PBXGroup;
			children = (
				54B86FA21B25C53900010BE6 /* AdOnApps */,
				54B86FB81B25C53900010BE6 /* AdOnAppsTests */,
				54B86FA11B25C53900010BE6 /* Products */,
				54B86FC51B25CFA000010BE6 /* PullToRefresh.xcodeproj */,
			);
			sourceTree = "<group>";
		};
		54B86FA11B25C53900010BE6 /* Products */ = {
			isa = PBXGroup;
			children = (
				54B86FA01B25C53900010BE6 /* AdOnApps.app */,
				54B86FB51B25C53900010BE6 /* AdOnAppsTests.xctest */,
			);
			name = Products;
			sourceTree = "<group>";
		};
		54B86FA21B25C53900010BE6 /* AdOnApps */ = {
			isa = PBXGroup;
			children = (
				54B86FA51B25C53900010BE6 /* AppDelegate.swift */,
				54B86FA71B25C53900010BE6 /* ViewController.swift */,
				54B86FA91B25C53900010BE6 /* Main.storyboard */,
				54B86FAC1B25C53900010BE6 /* Images.xcassets */,
				54B86FAE1B25C53900010BE6 /* LaunchScreen.xib */,
				54B86FA31B25C53900010BE6 /* Supporting Files */,
			);
			path = AdOnApps;
			sourceTree = "<group>";
		};
		54B86FA31B25C53900010BE6 /* Supporting Files */ = {
			isa = PBXGroup;
			children = (
				54B86FA41B25C53900010BE6 /* Info.plist */,
			);
			name = "Supporting Files";
			sourceTree = "<group>";
		};
		54B86FB81B25C53900010BE6 /* AdOnAppsTests */ = {
			isa = PBXGroup;
			children = (
				54B86FBB1B25C53900010BE6 /* AdOnAppsTests.swift */,
				54B86FB91B25C53900010BE6 /* Supporting Files */,
			);
			path = AdOnAppsTests;
			sourceTree = "<group>";
		};
		54B86FB91B25C53900010BE6 /* Supporting Files */ = {
			isa = PBXGroup;
			children = (
				54B86FBA1B25C53900010BE6 /* Info.plist */,
			);
			name = "Supporting Files";
			sourceTree = "<group>";
		};
		54B86FC61B25CFA000010BE6 /* Products */ = {
			isa = PBXGroup;
			children = (
				54B86FCC1B25CFA000010BE6 /* PullToRefreshDemo.app */,
				54B86FCE1B25CFA000010BE6 /* Refresher.framework */,
				54B86FD01B25CFA000010BE6 /* RefresherTests.xctest */,
			);
			name = Products;
			sourceTree = "<group>";
		};
/* End PBXGroup section */

/* Begin PBXNativeTarget section */
		54B86F9F1B25C53900010BE6 /* AdOnApps */ = {
			isa = PBXNativeTarget;
			buildConfigurationList = 54B86FBF1B25C53900010BE6 /* Build configuration list for PBXNativeTarget "AdOnApps" */;
			buildPhases = (
				54B86F9C1B25C53900010BE6 /* Sources */,
				54B86F9D1B25C53900010BE6 /* Frameworks */,
				54B86F9E1B25C53900010BE6 /* Resources */,
			);
			buildRules = (
			);
			dependencies = (
			);
			name = AdOnApps;
			productName = AdOnApps;
			productReference = 54B86FA01B25C53900010BE6 /* AdOnApps.app */;
			productType = "com.apple.product-type.application";
		};
		54B86FB41B25C53900010BE6 /* AdOnAppsTests */ = {
			isa = PBXNativeTarget;
			buildConfigurationList = 54B86FC21B25C53900010BE6 /* Build configuration list for PBXNativeTarget "AdOnAppsTests" */;
			buildPhases = (
				54B86FB11B25C53900010BE6 /* Sources */,
				54B86FB21B25C53900010BE6 /* Frameworks */,
				54B86FB31B25C53900010BE6 /* Resources */,
			);
			buildRules = (
			);
			dependencies = (
				54B86FB71B25C53900010BE6 /* PBXTargetDependency */,
			);
			name = AdOnAppsTests;
			productName = AdOnAppsTests;
			productReference = 54B86FB51B25C53900010BE6 /* AdOnAppsTests.xctest */;
			productType = "com.apple.product-type.bundle.unit-test";
		};
/* End PBXNativeTarget section */

/* Begin PBXProject section */
		54B86F981B25C53900010BE6 /* Project object */ = {
			isa = PBXProject;
			attributes = {
				LastUpgradeCheck = 0630;
				ORGANIZATIONNAME = Elodie;
				TargetAttributes = {
					54B86F9F1B25C53900010BE6 = {
						CreatedOnToolsVersion = 6.3.1;
					};
					54B86FB41B25C53900010BE6 = {
						CreatedOnToolsVersion = 6.3.1;
						TestTargetID = 54B86F9F1B25C53900010BE6;
					};
				};
			};
			buildConfigurationList = 54B86F9B1B25C53900010BE6 /* Build configuration list for PBXProject "AdOnApps" */;
			compatibilityVersion = "Xcode 3.2";
			developmentRegion = English;
			hasScannedForEncodings = 0;
			knownRegions = (
				en,
				Base,
			);
			mainGroup = 54B86F971B25C53900010BE6;
			productRefGroup = 54B86FA11B25C53900010BE6 /* Products */;
			projectDirPath = "";
			projectReferences = (
				{
					ProductGroup = 54B86FC61B25CFA000010BE6 /* Products */;
					ProjectRef = 54B86FC51B25CFA000010BE6 /* PullToRefresh.xcodeproj */;
				},
			);
			projectRoot = "";
			targets = (
				54B86F9F1B25C53900010BE6 /* AdOnApps */,
				54B86FB41B25C53900010BE6 /* AdOnAppsTests */,
			);
		};
/* End PBXProject section */

/* Begin PBXReferenceProxy section */
		54B86FCC1B25CFA000010BE6 /* PullToRefreshDemo.app */ = {
			isa = PBXReferenceProxy;
			fileType = wrapper.application;
			path = PullToRefreshDemo.app;
			remoteRef = 54B86FCB1B25CFA000010BE6 /* PBXContainerItemProxy */;
			sourceTree = BUILT_PRODUCTS_DIR;
		};
		54B86FCE1B25CFA000010BE6 /* Refresher.framework */ = {
			isa = PBXReferenceProxy;
			fileType = wrapper.framework;
			path = Refresher.framework;
			remoteRef = 54B86FCD1B25CFA000010BE6 /* PBXContainerItemProxy */;
			sourceTree = BUILT_PRODUCTS_DIR;
		};
		54B86FD01B25CFA000010BE6 /* RefresherTests.xctest */ = {
			isa = PBXReferenceProxy;
			fileType = wrapper.cfbundle;
			path = RefresherTests.xctest;
			remoteRef = 54B86FCF1B25CFA000010BE6 /* PBXContainerItemProxy */;
			sourceTree = BUILT_PRODUCTS_DIR;
		};
/* End PBXReferenceProxy section */

/* Begin PBXResourcesBuildPhase section */
		54B86F9E1B25C53900010BE6 /* Resources */ = {
			isa = PBXResourcesBuildPhase;
			buildActionMask = 2147483647;
			files = (
				54B86FAB1B25C53900010BE6 /* Main.storyboard in Resources */,
				54B86FB01B25C53900010BE6 /* LaunchScreen.xib in Resources */,
				54B86FAD1B25C53900010BE6 /* Images.xcassets in Resources */,
			);
			runOnlyForDeploymentPostprocessing = 0;
		};
		54B86FB31B25C53900010BE6 /* Resources */ = {
			isa = PBXResourcesBuildPhase;
			buildActionMask = 2147483647;
			files = (
			);
			runOnlyForDeploymentPostprocessing = 0;
		};
/* End PBXResourcesBuildPhase section */

/* Begin PBXSourcesBuildPhase section */
		54B86F9C1B25C53900010BE6 /* Sources */ = {
			isa = PBXSourcesBuildPhase;
			buildActionMask = 2147483647;
			files = (
				54B86FA81B25C53900010BE6 /* ViewController.swift in Sources */,
				54B86FA61B25C53900010BE6 /* AppDelegate.swift in Sources */,
			);
			runOnlyForDeploymentPostprocessing = 0;
		};
		54B86FB11B25C53900010BE6 /* Sources */ = {
			isa = PBXSourcesBuildPhase;
			buildActionMask = 2147483647;
			files = (
				54B86FBC1B25C53900010BE6 /* AdOnAppsTests.swift in Sources */,
			);
			runOnlyForDeploymentPostprocessing = 0;
		};
/* End PBXSourcesBuildPhase section */

/* Begin PBXTargetDependency section */
		54B86FB71B25C53900010BE6 /* PBXTargetDependency */ = {
			isa = PBXTargetDependency;
			target = 54B86F9F1B25C53900010BE6 /* AdOnApps */;
			targetProxy = 54B86FB61B25C53900010BE6 /* PBXContainerItemProxy */;
		};
/* End PBXTargetDependency section */

/* Begin PBXVariantGroup section */
		54B86FA91B25C53900010BE6 /* Main.storyboard */ = {
			isa = PBXVariantGroup;
			children = (
				54B86FAA1B25C53900010BE6 /* Base */,
			);
			name = Main.storyboard;
			sourceTree = "<group>";
		};
		54B86FAE1B25C53900010BE6 /* LaunchScreen.xib */ = {
			isa = PBXVariantGroup;
			children = (
				54B86FAF1B25C53900010BE6 /* Base */,
			);
			name = LaunchScreen.xib;
			sourceTree = "<group>";
		};
/* End PBXVariantGroup section */

/* Begin XCBuildConfiguration section */
		54B86FBD1B25C53900010BE6 /* Debug */ = {
			isa = XCBuildConfiguration;
			buildSettings = {
				ALWAYS_SEARCH_USER_PATHS = NO;
				CLANG_CXX_LANGUAGE_STANDARD = "gnu++0x";
				CLANG_CXX_LIBRARY = "libc++";
				CLANG_ENABLE_MODULES = YES;
				CLANG_ENABLE_OBJC_ARC = YES;
				CLANG_WARN_BOOL_CONVERSION = YES;
				CLANG_WARN_CONSTANT_CONVERSION = YES;
				CLANG_WARN_DIRECT_OBJC_ISA_USAGE = YES_ERROR;
				CLANG_WARN_EMPTY_BODY = YES;
				CLANG_WARN_ENUM_CONVERSION = YES;
				CLANG_WARN_INT_CONVERSION = YES;
				CLANG_WARN_OBJC_ROOT_CLASS = YES_ERROR;
				CLANG_WARN_UNREACHABLE_CODE = YES;
				CLANG_WARN__DUPLICATE_METHOD_MATCH = YES;
				"CODE_SIGN_IDENTITY[sdk=iphoneos*]" = "iPhone Developer";
				COPY_PHASE_STRIP = NO;
				DEBUG_INFORMATION_FORMAT = "dwarf-with-dsym";
				ENABLE_STRICT_OBJC_MSGSEND = YES;
				GCC_C_LANGUAGE_STANDARD = gnu99;
				GCC_DYNAMIC_NO_PIC = NO;
				GCC_NO_COMMON_BLOCKS = YES;
				GCC_OPTIMIZATION_LEVEL = 0;
				GCC_PREPROCESSOR_DEFINITIONS = (
					"DEBUG=1",
					"$(inherited)",
				);
				GCC_SYMBOLS_PRIVATE_EXTERN = NO;
				GCC_WARN_64_TO_32_BIT_CONVERSION = YES;
				GCC_WARN_ABOUT_RETURN_TYPE = YES_ERROR;
				GCC_WARN_UNDECLARED_SELECTOR = YES;
				GCC_WARN_UNINITIALIZED_AUTOS = YES_AGGRESSIVE;
				GCC_WARN_UNUSED_FUNCTION = YES;
				GCC_WARN_UNUSED_VARIABLE = YES;
				IPHONEOS_DEPLOYMENT_TARGET = 8.3;
				MTL_ENABLE_DEBUG_INFO = YES;
				ONLY_ACTIVE_ARCH = YES;
				SDKROOT = iphoneos;
				SWIFT_OPTIMIZATION_LEVEL = "-Onone";
				TARGETED_DEVICE_FAMILY = "1,2";
			};
			name = Debug;
		};
		54B86FBE1B25C53900010BE6 /* Release */ = {
			isa = XCBuildConfiguration;
			buildSettings = {
				ALWAYS_SEARCH_USER_PATHS = NO;
				CLANG_CXX_LANGUAGE_STANDARD = "gnu++0x";
				CLANG_CXX_LIBRARY = "libc++";
				CLANG_ENABLE_MODULES = YES;
				CLANG_ENABLE_OBJC_ARC = YES;
				CLANG_WARN_BOOL_CONVERSION = YES;
				CLANG_WARN_CONSTANT_CONVERSION = YES;
				CLANG_WARN_DIRECT_OBJC_ISA_USAGE = YES_ERROR;
				CLANG_WARN_EMPTY_BODY = YES;
				CLANG_WARN_ENUM_CONVERSION = YES;
				CLANG_WARN_INT_CONVERSION = YES;
				CLANG_WARN_OBJC_ROOT_CLASS = YES_ERROR;
				CLANG_WARN_UNREACHABLE_CODE = YES;
				CLANG_WARN__DUPLICATE_METHOD_MATCH = YES;
				"CODE_SIGN_IDENTITY[sdk=iphoneos*]" = "iPhone Developer";
				COPY_PHASE_STRIP = NO;
				DEBUG_INFORMATION_FORMAT = "dwarf-with-dsym";
				ENABLE_NS_ASSERTIONS = NO;
				ENABLE_STRICT_OBJC_MSGSEND = YES;
				GCC_C_LANGUAGE_STANDARD = gnu99;
				GCC_NO_COMMON_BLOCKS = YES;
				GCC_WARN_64_TO_32_BIT_CONVERSION = YES;
				GCC_WARN_ABOUT_RETURN_TYPE = YES_ERROR;
				GCC_WARN_UNDECLARED_SELECTOR = YES;
				GCC_WARN_UNINITIALIZED_AUTOS = YES_AGGRESSIVE;
				GCC_WARN_UNUSED_FUNCTION = YES;
				GCC_WARN_UNUSED_VARIABLE = YES;
				IPHONEOS_DEPLOYMENT_TARGET = 8.3;
				MTL_ENABLE_DEBUG_INFO = NO;
				SDKROOT = iphoneos;
				TARGETED_DEVICE_FAMILY = "1,2";
				VALIDATE_PRODUCT = YES;
			};
			name = Release;
		};
		54B86FC01B25C53900010BE6 /* Debug */ = {
			isa = XCBuildConfiguration;
			buildSettings = {
				ASSETCATALOG_COMPILER_APPICON_NAME = AppIcon;
				INFOPLIST_FILE = AdOnApps/Info.plist;
				LD_RUNPATH_SEARCH_PATHS = "$(inherited) @executable_path/Frameworks";
				PRODUCT_NAME = "$(TARGET_NAME)";
			};
			name = Debug;
		};
		54B86FC11B25C53900010BE6 /* Release */ = {
			isa = XCBuildConfiguration;
			buildSettings = {
				ASSETCATALOG_COMPILER_APPICON_NAME = AppIcon;
				INFOPLIST_FILE = AdOnApps/Info.plist;
				LD_RUNPATH_SEARCH_PATHS = "$(inherited) @executable_path/Frameworks";
				PRODUCT_NAME = "$(TARGET_NAME)";
			};
			name = Release;
		};
		54B86FC31B25C53900010BE6 /* Debug */ = {
			isa = XCBuildConfiguration;
			buildSettings = {
				BUNDLE_LOADER = "$(TEST_HOST)";
				FRAMEWORK_SEARCH_PATHS = (
					"$(SDKROOT)/Developer/Library/Frameworks",
					"$(inherited)",
				);
				GCC_PREPROCESSOR_DEFINITIONS = (
					"DEBUG=1",
					"$(inherited)",
				);
				INFOPLIST_FILE = AdOnAppsTests/Info.plist;
				LD_RUNPATH_SEARCH_PATHS = "$(inherited) @executable_path/Frameworks @loader_path/Frameworks";
				PRODUCT_NAME = "$(TARGET_NAME)";
				TEST_HOST = "$(BUILT_PRODUCTS_DIR)/AdOnApps.app/AdOnApps";
			};
			name = Debug;
		};
		54B86FC41B25C53900010BE6 /* Release */ = {
			isa = XCBuildConfiguration;
			buildSettings = {
				BUNDLE_LOADER = "$(TEST_HOST)";
				FRAMEWORK_SEARCH_PATHS = (
					"$(SDKROOT)/Developer/Library/Frameworks",
					"$(inherited)",
				);
				INFOPLIST_FILE = AdOnAppsTests/Info.plist;
				LD_RUNPATH_SEARCH_PATHS = "$(inherited) @executable_path/Frameworks @loader_path/Frameworks";
				PRODUCT_NAME = "$(TARGET_NAME)";
				TEST_HOST = "$(BUILT_PRODUCTS_DIR)/AdOnApps.app/AdOnApps";
			};
			name = Release;
		};
/* End XCBuildConfiguration section */

/* Begin XCConfigurationList section */
		54B86F9B1B25C53900010BE6 /* Build configuration list for PBXProject "AdOnApps" */ = {
			isa = XCConfigurationList;
			buildConfigurations = (
				54B86FBD1B25C53900010BE6 /* Debug */,
				54B86FBE1B25C53900010BE6 /* Release */,
			);
			defaultConfigurationIsVisible = 0;
			defaultConfigurationName = Release;
		};
		54B86FBF1B25C53900010BE6 /* Build configuration list for PBXNativeTarget "AdOnApps" */ = {
			isa = XCConfigurationList;
			buildConfigurations = (
				54B86FC01B25C53900010BE6 /* Debug */,
				54B86FC11B25C53900010BE6 /* Release */,
			);
			defaultConfigurationIsVisible = 0;
			defaultConfigurationName = Release;
		};
		54B86FC21B25C53900010BE6 /* Build configuration list for PBXNativeTarget "AdOnAppsTests" */ = {
			isa = XCConfigurationList;
			buildConfigurations = (
				54B86FC31B25C53900010BE6 /* Debug */,
				54B86FC41B25C53900010BE6 /* Release */,
			);
			defaultConfigurationIsVisible = 0;
			defaultConfigurationName = Release;
		};
/* End XCConfigurationList section */
	};
	rootObject = 54B86F981B25C53900010BE6 /* Project object */;
}
